
Microsoft Visual Studio Solution File, Format Version 12.00
# Visual Studio 14
VisualStudioVersion = 14.0.25420.1
MinimumVisualStudioVersion = 10.0.40219.1
Project("{FAE04EC0-301F-11D3-BF4B-00C04F79EFBC}") = "SalesManagement", "SalesManagement\SalesManagement.csproj", "{7A4BFB23-5679-4EAA-A885-E648AC3C48BA}"
EndProject
Project("{FAE04EC0-301F-11D3-BF4B-00C04F79EFBC}") = "Domain", "Domain\Domain.csproj", "{7B4ED8C9-F41A-493F-83C5-AB5022422CD7}"
EndProject
Project("{FAE04EC0-301F-11D3-BF4B-00C04F79EFBC}") = "DataAccessLayer", "DataAccessLayer\DataAccessLayer.csproj", "{C24FE775-9999-41E7-AE7D-87A4F14A9190}"
EndProject
Project("{2150E333-8FDC-42A3-9474-1A3956D46DE8}") = "Modules", "Modules", "{9300A0D0-0738-41FD-A851-C7A64F824C46}"
EndProject
Project("{FAE04EC0-301F-11D3-BF4B-00C04F79EFBC}") = "SalesModule", "SalesModule\SalesModule.csproj", "{983E475C-BBE1-4949-8B33-0C20F4ED6921}"
EndProject
Global
	GlobalSection(SolutionConfigurationPlatforms) = preSolution
		Debug|Any CPU = Debug|Any CPU
		Release|Any CPU = Release|Any CPU
	EndGlobalSection
	GlobalSection(ProjectConfigurationPlatforms) = postSolution
		{7A4BFB23-5679-4EAA-A885-E648AC3C48BA}.Debug|Any CPU.ActiveCfg = Debug|Any CPU
		{7A4BFB23-5679-4EAA-A885-E648AC3C48BA}.Debug|Any CPU.Build.0 = Debug|Any CPU
		{7A4BFB23-5679-4EAA-A885-E648AC3C48BA}.Release|Any CPU.ActiveCfg = Release|Any CPU
		{7A4BFB23-5679-4EAA-A885-E648AC3C48BA}.Release|Any CPU.Build.0 = Release|Any CPU
		{7B4ED8C9-F41A-493F-83C5-AB5022422CD7}.Debug|Any CPU.ActiveCfg = Debug|Any CPU
		{7B4ED8C9-F41A-493F-83C5-AB5022422CD7}.Debug|Any CPU.Build.0 = Debug|Any CPU
		{7B4ED8C9-F41A-493F-83C5-AB5022422CD7}.Release|Any CPU.ActiveCfg = Release|Any CPU
		{7B4ED8C9-F41A-493F-83C5-AB5022422CD7}.Release|Any CPU.Build.0 = Release|Any CPU
		{C24FE775-9999-41E7-AE7D-87A4F14A9190}.Debug|Any CPU.ActiveCfg = Debug|Any CPU
		{C24FE775-9999-41E7-AE7D-87A4F14A9190}.Debug|Any CPU.Build.0 = Debug|Any CPU
		{C24FE775-9999-41E7-AE7D-87A4F14A9190}.Release|Any CPU.ActiveCfg = Release|Any CPU
		{C24FE775-9999-41E7-AE7D-87A4F14A9190}.Release|Any CPU.Build.0 = Release|Any CPU
		{983E475C-BBE1-4949-8B33-0C20F4ED6921}.Debug|Any CPU.ActiveCfg = Debug|Any CPU
		{983E475C-BBE1-4949-8B33-0C20F4ED6921}.Debug|Any CPU.Build.0 = Debug|Any CPU
		{983E475C-BBE1-4949-8B33-0C20F4ED6921}.Release|Any CPU.ActiveCfg = Release|Any CPU
		{983E475C-BBE1-4949-8B33-0C20F4ED6921}.Release|Any CPU.Build.0 = Release|Any CPU
	EndGlobalSection
	GlobalSection(SolutionProperties) = preSolution
		HideSolutionNode = FALSE
	EndGlobalSection
	GlobalSection(NestedProjects) = preSolution
		{983E475C-BBE1-4949-8B33-0C20F4ED6921} = {9300A0D0-0738-41FD-A851-C7A64F824C46}
	EndGlobalSection
EndGlobal
